
Microsoft Visual Studio Solution File, Format Version 12.00
# Visual Studio Version 17
VisualStudioVersion = 17.11.35303.130
MinimumVisualStudioVersion = 10.0.40219.1
Project("{FAE04EC0-301F-11D3-BF4B-00C04F79EFBC}") = "MyFirstConsoleApp", "MyFirstConsoleApp\MyFirstConsoleApp.csproj", "{9094EB5A-7AD1-4000-A6BB-1D15DEA80797}"
EndProject
Global
	GlobalSection(SolutionConfigurationPlatforms) = preSolution
		Debug|Any CPU = Debug|Any CPU
		Release|Any CPU = Release|Any CPU
	EndGlobalSection
	GlobalSection(ProjectConfigurationPlatforms) = postSolution
		{9094EB5A-7AD1-4000-A6BB-1D15DEA80797}.Debug|Any CPU.ActiveCfg = Debug|Any CPU
		{9094EB5A-7AD1-4000-A6BB-1D15DEA80797}.Debug|Any CPU.Build.0 = Debug|Any CPU
		{9094EB5A-7AD1-4000-A6BB-1D15DEA80797}.Release|Any CPU.ActiveCfg = Release|Any CPU
		{9094EB5A-7AD1-4000-A6BB-1D15DEA80797}.Release|Any CPU.Build.0 = Release|Any CPU
	EndGlobalSection
	GlobalSection(SolutionProperties) = preSolution
		HideSolutionNode = FALSE
	EndGlobalSection
	GlobalSection(ExtensibilityGlobals) = postSolution
		SolutionGuid = {EB18496A-E4B4-4292-A04B-4D7E29FE22FE}
	EndGlobalSection
EndGlobal
