
Microsoft Visual Studio Solution File, Format Version 12.00
# Visual Studio Version 17
VisualStudioVersion = 17.11.35303.130
MinimumVisualStudioVersion = 10.0.40219.1
Project("{9A19103F-16F7-4668-BE54-9A1E7A4F7556}") = "MyFirstConsoleApp", "MyFirstConsoleApp\MyFirstConsoleApp.csproj", "{9094EB5A-7AD1-4000-A6BB-1D15DEA80797}"
EndProject
Project("{9A19103F-16F7-4668-BE54-9A1E7A4F7556}") = "FifthConsoleApp", "FifthConsoleApp\FifthConsoleApp.csproj", "{54988CFA-5640-4164-ADC1-9A2ACD09F7EF}"
EndProject
Project("{9A19103F-16F7-4668-BE54-9A1E7A4F7556}") = "SixthConsoleApp", "SixthConsoleApp\SixthConsoleApp.csproj", "{75F40625-0A4F-4A55-BEFE-D62C7265E05B}"
EndProject
Project("{9A19103F-16F7-4668-BE54-9A1E7A4F7556}") = "FourthConsoleApp", "FourthConsoleApp\FourthConsoleApp.csproj", "{2AE24A7C-AAA1-4EE0-B4DA-038BAE8463A3}"
EndProject
Project("{9A19103F-16F7-4668-BE54-9A1E7A4F7556}") = "ProgrammUE_01", "ProgrammUE_01\ProgrammUE_01.csproj", "{2E8FF745-291E-4E7A-A32F-750B1F1ABD16}"
EndProject
Project("{9A19103F-16F7-4668-BE54-9A1E7A4F7556}") = "MyFirstCat", "MyFirstCat\MyFirstCat.csproj", "{34372EBF-E684-4491-9776-08BEC07C95AA}"
EndProject
Project("{9A19103F-16F7-4668-BE54-9A1E7A4F7556}") = "FirstUnitTest", "FirstUnitTest\FirstUnitTest.csproj", "{439DD3FE-8D3E-4E88-BB2B-82F6C0FFFA59}"
EndProject
Project("{FAE04EC0-301F-11D3-BF4B-00C04F79EFBC}") = "OOP-School", "OOP-School\OOP-School.csproj", "{CBC7856D-F65F-470E-939C-F7B93E411B05}"
EndProject
Project("{FAE04EC0-301F-11D3-BF4B-00C04F79EFBC}") = "OOP-School_Tests", "OOP-School_Tests\OOP-School_Tests.csproj", "{1AA0B947-9A8A-469C-A654-04106B28AA51}"
EndProject
Global
	GlobalSection(SolutionConfigurationPlatforms) = preSolution
		Debug|Any CPU = Debug|Any CPU
		Release|Any CPU = Release|Any CPU
	EndGlobalSection
	GlobalSection(ProjectConfigurationPlatforms) = postSolution
		{9094EB5A-7AD1-4000-A6BB-1D15DEA80797}.Debug|Any CPU.ActiveCfg = Debug|Any CPU
		{9094EB5A-7AD1-4000-A6BB-1D15DEA80797}.Debug|Any CPU.Build.0 = Debug|Any CPU
		{9094EB5A-7AD1-4000-A6BB-1D15DEA80797}.Release|Any CPU.ActiveCfg = Release|Any CPU
		{9094EB5A-7AD1-4000-A6BB-1D15DEA80797}.Release|Any CPU.Build.0 = Release|Any CPU
		{54988CFA-5640-4164-ADC1-9A2ACD09F7EF}.Debug|Any CPU.ActiveCfg = Debug|Any CPU
		{54988CFA-5640-4164-ADC1-9A2ACD09F7EF}.Debug|Any CPU.Build.0 = Debug|Any CPU
		{54988CFA-5640-4164-ADC1-9A2ACD09F7EF}.Release|Any CPU.ActiveCfg = Release|Any CPU
		{54988CFA-5640-4164-ADC1-9A2ACD09F7EF}.Release|Any CPU.Build.0 = Release|Any CPU
		{75F40625-0A4F-4A55-BEFE-D62C7265E05B}.Debug|Any CPU.ActiveCfg = Debug|Any CPU
		{75F40625-0A4F-4A55-BEFE-D62C7265E05B}.Debug|Any CPU.Build.0 = Debug|Any CPU
		{75F40625-0A4F-4A55-BEFE-D62C7265E05B}.Release|Any CPU.ActiveCfg = Release|Any CPU
		{75F40625-0A4F-4A55-BEFE-D62C7265E05B}.Release|Any CPU.Build.0 = Release|Any CPU
		{2AE24A7C-AAA1-4EE0-B4DA-038BAE8463A3}.Debug|Any CPU.ActiveCfg = Debug|Any CPU
		{2AE24A7C-AAA1-4EE0-B4DA-038BAE8463A3}.Debug|Any CPU.Build.0 = Debug|Any CPU
		{2AE24A7C-AAA1-4EE0-B4DA-038BAE8463A3}.Release|Any CPU.ActiveCfg = Release|Any CPU
		{2AE24A7C-AAA1-4EE0-B4DA-038BAE8463A3}.Release|Any CPU.Build.0 = Release|Any CPU
		{2E8FF745-291E-4E7A-A32F-750B1F1ABD16}.Debug|Any CPU.ActiveCfg = Debug|Any CPU
		{2E8FF745-291E-4E7A-A32F-750B1F1ABD16}.Debug|Any CPU.Build.0 = Debug|Any CPU
		{2E8FF745-291E-4E7A-A32F-750B1F1ABD16}.Release|Any CPU.ActiveCfg = Release|Any CPU
		{2E8FF745-291E-4E7A-A32F-750B1F1ABD16}.Release|Any CPU.Build.0 = Release|Any CPU
		{34372EBF-E684-4491-9776-08BEC07C95AA}.Debug|Any CPU.ActiveCfg = Debug|Any CPU
		{34372EBF-E684-4491-9776-08BEC07C95AA}.Debug|Any CPU.Build.0 = Debug|Any CPU
		{34372EBF-E684-4491-9776-08BEC07C95AA}.Release|Any CPU.ActiveCfg = Release|Any CPU
		{34372EBF-E684-4491-9776-08BEC07C95AA}.Release|Any CPU.Build.0 = Release|Any CPU
		{439DD3FE-8D3E-4E88-BB2B-82F6C0FFFA59}.Debug|Any CPU.ActiveCfg = Debug|Any CPU
		{439DD3FE-8D3E-4E88-BB2B-82F6C0FFFA59}.Debug|Any CPU.Build.0 = Debug|Any CPU
		{439DD3FE-8D3E-4E88-BB2B-82F6C0FFFA59}.Release|Any CPU.ActiveCfg = Release|Any CPU
		{439DD3FE-8D3E-4E88-BB2B-82F6C0FFFA59}.Release|Any CPU.Build.0 = Release|Any CPU
		{CBC7856D-F65F-470E-939C-F7B93E411B05}.Debug|Any CPU.ActiveCfg = Debug|Any CPU
		{CBC7856D-F65F-470E-939C-F7B93E411B05}.Debug|Any CPU.Build.0 = Debug|Any CPU
		{CBC7856D-F65F-470E-939C-F7B93E411B05}.Release|Any CPU.ActiveCfg = Release|Any CPU
		{CBC7856D-F65F-470E-939C-F7B93E411B05}.Release|Any CPU.Build.0 = Release|Any CPU
		{1AA0B947-9A8A-469C-A654-04106B28AA51}.Debug|Any CPU.ActiveCfg = Debug|Any CPU
		{1AA0B947-9A8A-469C-A654-04106B28AA51}.Debug|Any CPU.Build.0 = Debug|Any CPU
		{1AA0B947-9A8A-469C-A654-04106B28AA51}.Release|Any CPU.ActiveCfg = Release|Any CPU
		{1AA0B947-9A8A-469C-A654-04106B28AA51}.Release|Any CPU.Build.0 = Release|Any CPU
	EndGlobalSection
	GlobalSection(SolutionProperties) = preSolution
		HideSolutionNode = FALSE
	EndGlobalSection
	GlobalSection(ExtensibilityGlobals) = postSolution
		SolutionGuid = {EB18496A-E4B4-4292-A04B-4D7E29FE22FE}
	EndGlobalSection
EndGlobal
